
Microsoft Visual Studio Solution File, Format Version 11.00
# Visual Studio 2010
Project("{FAE04EC0-301F-11D3-BF4B-00C04F79EFBC}") = "DependencyParser", "DependencyParser\DependencyParser.csproj", "{AE47EF64-9F61-463A-9088-79907968A1FE}"
EndProject
Global
	GlobalSection(SolutionConfigurationPlatforms) = preSolution
		Debug|x86 = Debug|x86
		Release|x86 = Release|x86
	EndGlobalSection
	GlobalSection(ProjectConfigurationPlatforms) = postSolution
		{AE47EF64-9F61-463A-9088-79907968A1FE}.Debug|x86.ActiveCfg = Debug|x86
		{AE47EF64-9F61-463A-9088-79907968A1FE}.Debug|x86.Build.0 = Debug|x86
		{AE47EF64-9F61-463A-9088-79907968A1FE}.Release|x86.ActiveCfg = Release|x86
		{AE47EF64-9F61-463A-9088-79907968A1FE}.Release|x86.Build.0 = Release|x86
	EndGlobalSection
	GlobalSection(SolutionProperties) = preSolution
		HideSolutionNode = FALSE
	EndGlobalSection
EndGlobal
